
Microsoft Visual Studio Solution File, Format Version 12.00
# Visual Studio Version 17
VisualStudioVersion = 17.3.32929.385
MinimumVisualStudioVersion = 10.0.40219.1
Project("{FAE04EC0-301F-11D3-BF4B-00C04F79EFBC}") = "CrmBL", "CrmBL\CrmBL.csproj", "{59619AB8-B61D-42F9-B02B-24D16E9D670F}"
EndProject
Project("{FAE04EC0-301F-11D3-BF4B-00C04F79EFBC}") = "CrmUI", "CrmUI\CrmUI.csproj", "{824B58FE-63BA-4267-83D6-A045932A4D53}"
EndProject
Project("{FAE04EC0-301F-11D3-BF4B-00C04F79EFBC}") = "CrmBLTests", "CrmBLTests\CrmBLTests.csproj", "{AF2D9DDA-28C3-4B07-88A7-A49586D0BE86}"
EndProject
Global
	GlobalSection(SolutionConfigurationPlatforms) = preSolution
		Debug|Any CPU = Debug|Any CPU
		Release|Any CPU = Release|Any CPU
	EndGlobalSection
	GlobalSection(ProjectConfigurationPlatforms) = postSolution
		{59619AB8-B61D-42F9-B02B-24D16E9D670F}.Debug|Any CPU.ActiveCfg = Debug|Any CPU
		{59619AB8-B61D-42F9-B02B-24D16E9D670F}.Debug|Any CPU.Build.0 = Debug|Any CPU
		{59619AB8-B61D-42F9-B02B-24D16E9D670F}.Release|Any CPU.ActiveCfg = Release|Any CPU
		{59619AB8-B61D-42F9-B02B-24D16E9D670F}.Release|Any CPU.Build.0 = Release|Any CPU
		{824B58FE-63BA-4267-83D6-A045932A4D53}.Debug|Any CPU.ActiveCfg = Debug|Any CPU
		{824B58FE-63BA-4267-83D6-A045932A4D53}.Debug|Any CPU.Build.0 = Debug|Any CPU
		{824B58FE-63BA-4267-83D6-A045932A4D53}.Release|Any CPU.ActiveCfg = Release|Any CPU
		{824B58FE-63BA-4267-83D6-A045932A4D53}.Release|Any CPU.Build.0 = Release|Any CPU
		{AF2D9DDA-28C3-4B07-88A7-A49586D0BE86}.Debug|Any CPU.ActiveCfg = Debug|Any CPU
		{AF2D9DDA-28C3-4B07-88A7-A49586D0BE86}.Debug|Any CPU.Build.0 = Debug|Any CPU
		{AF2D9DDA-28C3-4B07-88A7-A49586D0BE86}.Release|Any CPU.ActiveCfg = Release|Any CPU
		{AF2D9DDA-28C3-4B07-88A7-A49586D0BE86}.Release|Any CPU.Build.0 = Release|Any CPU
	EndGlobalSection
	GlobalSection(SolutionProperties) = preSolution
		HideSolutionNode = FALSE
	EndGlobalSection
	GlobalSection(ExtensibilityGlobals) = postSolution
		SolutionGuid = {729E6286-F7BC-4F9A-B5FB-6D149BE3DD62}
	EndGlobalSection
EndGlobal
